// !$*UTF8*$!
{
	archiveVersion = 1;
	classes = {
	};
	objectVersion = 51;
	objects = {

/* Begin PBXBuildFile section */
		6754048924E2DC4E004295BA /* CustomProgressView.swift in Sources */ = {isa = PBXBuildFile; fileRef = 6754048824E2DC4E004295BA /* CustomProgressView.swift */; };
		6754048C24E2DC99004295BA /* BaseUIView.swift in Sources */ = {isa = PBXBuildFile; fileRef = 6754048B24E2DC99004295BA /* BaseUIView.swift */; };
		6754048F24E2DD2B004295BA /* DispatchQueue+Extensions.swift in Sources */ = {isa = PBXBuildFile; fileRef = 6754048E24E2DD2B004295BA /* DispatchQueue+Extensions.swift */; };
		6754049124E2E7DB004295BA /* BaseCollectionViewCell.swift in Sources */ = {isa = PBXBuildFile; fileRef = 6754049024E2E7DB004295BA /* BaseCollectionViewCell.swift */; };
		6754049324E2E808004295BA /* UICollectionView+Extensions.swift in Sources */ = {isa = PBXBuildFile; fileRef = 6754049224E2E808004295BA /* UICollectionView+Extensions.swift */; };
		6754049B24E2E8D9004295BA /* SearchItemCell.swift in Sources */ = {isa = PBXBuildFile; fileRef = 6754049924E2E8D9004295BA /* SearchItemCell.swift */; };
		6754049C24E2E8D9004295BA /* SearchItemCell.xib in Resources */ = {isa = PBXBuildFile; fileRef = 6754049A24E2E8D9004295BA /* SearchItemCell.xib */; };
		6754049E24E2F9F0004295BA /* FileSystem.swift in Sources */ = {isa = PBXBuildFile; fileRef = 6754049D24E2F9F0004295BA /* FileSystem.swift */; };
		675404A024E30A9D004295BA /* CustomStringConvertible+Extensions.swift in Sources */ = {isa = PBXBuildFile; fileRef = 6754049F24E30A9D004295BA /* CustomStringConvertible+Extensions.swift */; };
		675404A224E30D0B004295BA /* WindowHelper.swift in Sources */ = {isa = PBXBuildFile; fileRef = 675404A124E30D0B004295BA /* WindowHelper.swift */; };
		675404A424E327E0004295BA /* DownloadableServiceProtocol.swift in Sources */ = {isa = PBXBuildFile; fileRef = 675404A324E327E0004295BA /* DownloadableServiceProtocol.swift */; };
		675404A624E32ABD004295BA /* UIView+Extensions.swift in Sources */ = {isa = PBXBuildFile; fileRef = 675404A524E32ABD004295BA /* UIView+Extensions.swift */; };
		675404A824E32F6E004295BA /* DeviceInfo.swift in Sources */ = {isa = PBXBuildFile; fileRef = 675404A724E32F6E004295BA /* DeviceInfo.swift */; };
		675404AE24E33420004295BA /* ImageLoader.swift in Sources */ = {isa = PBXBuildFile; fileRef = 675404AD24E33420004295BA /* ImageLoader.swift */; };
		677C502424E1D7500033B50F /* AppDelegate.swift in Sources */ = {isa = PBXBuildFile; fileRef = 677C502324E1D7500033B50F /* AppDelegate.swift */; };
		677C502624E1D7500033B50F /* SceneDelegate.swift in Sources */ = {isa = PBXBuildFile; fileRef = 677C502524E1D7500033B50F /* SceneDelegate.swift */; };
		677C502D24E1D7530033B50F /* Assets.xcassets in Resources */ = {isa = PBXBuildFile; fileRef = 677C502C24E1D7530033B50F /* Assets.xcassets */; };
		677C503024E1D7530033B50F /* LaunchScreen.storyboard in Resources */ = {isa = PBXBuildFile; fileRef = 677C502E24E1D7530033B50F /* LaunchScreen.storyboard */; };
		677C503B24E1D7540033B50F /* iTunesSearchAPITests.swift in Sources */ = {isa = PBXBuildFile; fileRef = 677C503A24E1D7540033B50F /* iTunesSearchAPITests.swift */; };
		677C504F24E1E6910033B50F /* SearchResponse.swift in Sources */ = {isa = PBXBuildFile; fileRef = 677C504E24E1E6910033B50F /* SearchResponse.swift */; };
		677C505224E1E6FD0033B50F /* NetworkUtil.swift in Sources */ = {isa = PBXBuildFile; fileRef = 677C505124E1E6FD0033B50F /* NetworkUtil.swift */; };
		677C505424E1E74F0033B50F /* BaseManager.swift in Sources */ = {isa = PBXBuildFile; fileRef = 677C505324E1E74F0033B50F /* BaseManager.swift */; };
		677C505624E1E77C0033B50F /* CLBError.swift in Sources */ = {isa = PBXBuildFile; fileRef = 677C505524E1E77C0033B50F /* CLBError.swift */; };
		677C505924E1E97C0033B50F /* HomePageManager.swift in Sources */ = {isa = PBXBuildFile; fileRef = 677C505824E1E97C0033B50F /* HomePageManager.swift */; };
		677C505B24E1EA0A0033B50F /* HomePageService.swift in Sources */ = {isa = PBXBuildFile; fileRef = 677C505A24E1EA0A0033B50F /* HomePageService.swift */; };
		677C505D24E1EFB40033B50F /* ViewModelFactory.swift in Sources */ = {isa = PBXBuildFile; fileRef = 677C505C24E1EFB40033B50F /* ViewModelFactory.swift */; };
		677C506024E1EFD20033B50F /* BaseViewModel.swift in Sources */ = {isa = PBXBuildFile; fileRef = 677C505F24E1EFD20033B50F /* BaseViewModel.swift */; };
		677C506324E1F07C0033B50F /* HomeViewModelFactory.swift in Sources */ = {isa = PBXBuildFile; fileRef = 677C506224E1F07C0033B50F /* HomeViewModelFactory.swift */; };
		677C506524E1F0F70033B50F /* HomePageViewModel.swift in Sources */ = {isa = PBXBuildFile; fileRef = 677C506424E1F0F70033B50F /* HomePageViewModel.swift */; };
		677C506824E1F1E30033B50F /* Utils.swift in Sources */ = {isa = PBXBuildFile; fileRef = 677C506724E1F1E30033B50F /* Utils.swift */; };
		677C506A24E1F20E0033B50F /* UIDevice+Extensions.swift in Sources */ = {isa = PBXBuildFile; fileRef = 677C506924E1F20E0033B50F /* UIDevice+Extensions.swift */; };
		677C506C24E1F4350033B50F /* HomePageViewController.swift in Sources */ = {isa = PBXBuildFile; fileRef = 677C506B24E1F4350033B50F /* HomePageViewController.swift */; };
		677C506F24E1F45F0033B50F /* BaseViewController.swift in Sources */ = {isa = PBXBuildFile; fileRef = 677C506E24E1F45F0033B50F /* BaseViewController.swift */; };
/* End PBXBuildFile section */

/* Begin PBXContainerItemProxy section */
		677C503724E1D7540033B50F /* PBXContainerItemProxy */ = {
			isa = PBXContainerItemProxy;
			containerPortal = 677C501824E1D7500033B50F /* Project object */;
			proxyType = 1;
			remoteGlobalIDString = 677C501F24E1D7500033B50F;
			remoteInfo = iTunesSearchAPI;
		};
/* End PBXContainerItemProxy section */

/* Begin PBXFileReference section */
		6754048824E2DC4E004295BA /* CustomProgressView.swift */ = {isa = PBXFileReference; lastKnownFileType = sourcecode.swift; path = CustomProgressView.swift; sourceTree = "<group>"; };
		6754048B24E2DC99004295BA /* BaseUIView.swift */ = {isa = PBXFileReference; lastKnownFileType = sourcecode.swift; path = BaseUIView.swift; sourceTree = "<group>"; };
		6754048E24E2DD2B004295BA /* DispatchQueue+Extensions.swift */ = {isa = PBXFileReference; lastKnownFileType = sourcecode.swift; path = "DispatchQueue+Extensions.swift"; sourceTree = "<group>"; };
		6754049024E2E7DB004295BA /* BaseCollectionViewCell.swift */ = {isa = PBXFileReference; lastKnownFileType = sourcecode.swift; path = BaseCollectionViewCell.swift; sourceTree = "<group>"; };
		6754049224E2E808004295BA /* UICollectionView+Extensions.swift */ = {isa = PBXFileReference; lastKnownFileType = sourcecode.swift; path = "UICollectionView+Extensions.swift"; sourceTree = "<group>"; };
		6754049924E2E8D9004295BA /* SearchItemCell.swift */ = {isa = PBXFileReference; lastKnownFileType = sourcecode.swift; path = SearchItemCell.swift; sourceTree = "<group>"; };
		6754049A24E2E8D9004295BA /* SearchItemCell.xib */ = {isa = PBXFileReference; lastKnownFileType = file.xib; path = SearchItemCell.xib; sourceTree = "<group>"; };
		6754049D24E2F9F0004295BA /* FileSystem.swift */ = {isa = PBXFileReference; lastKnownFileType = sourcecode.swift; path = FileSystem.swift; sourceTree = "<group>"; };
		6754049F24E30A9D004295BA /* CustomStringConvertible+Extensions.swift */ = {isa = PBXFileReference; lastKnownFileType = sourcecode.swift; path = "CustomStringConvertible+Extensions.swift"; sourceTree = "<group>"; };
		675404A124E30D0B004295BA /* WindowHelper.swift */ = {isa = PBXFileReference; lastKnownFileType = sourcecode.swift; path = WindowHelper.swift; sourceTree = "<group>"; };
		675404A324E327E0004295BA /* DownloadableServiceProtocol.swift */ = {isa = PBXFileReference; lastKnownFileType = sourcecode.swift; path = DownloadableServiceProtocol.swift; sourceTree = "<group>"; };
		675404A524E32ABD004295BA /* UIView+Extensions.swift */ = {isa = PBXFileReference; lastKnownFileType = sourcecode.swift; path = "UIView+Extensions.swift"; sourceTree = "<group>"; };
		675404A724E32F6E004295BA /* DeviceInfo.swift */ = {isa = PBXFileReference; lastKnownFileType = sourcecode.swift; path = DeviceInfo.swift; sourceTree = "<group>"; };
		675404AD24E33420004295BA /* ImageLoader.swift */ = {isa = PBXFileReference; lastKnownFileType = sourcecode.swift; path = ImageLoader.swift; sourceTree = "<group>"; };
		677C502024E1D7500033B50F /* iTunesSearchAPI.app */ = {isa = PBXFileReference; explicitFileType = wrapper.application; includeInIndex = 0; path = iTunesSearchAPI.app; sourceTree = BUILT_PRODUCTS_DIR; };
		677C502324E1D7500033B50F /* AppDelegate.swift */ = {isa = PBXFileReference; lastKnownFileType = sourcecode.swift; path = AppDelegate.swift; sourceTree = "<group>"; };
		677C502524E1D7500033B50F /* SceneDelegate.swift */ = {isa = PBXFileReference; lastKnownFileType = sourcecode.swift; path = SceneDelegate.swift; sourceTree = "<group>"; };
		677C502C24E1D7530033B50F /* Assets.xcassets */ = {isa = PBXFileReference; lastKnownFileType = folder.assetcatalog; path = Assets.xcassets; sourceTree = "<group>"; };
		677C502F24E1D7530033B50F /* Base */ = {isa = PBXFileReference; lastKnownFileType = file.storyboard; name = Base; path = Base.lproj/LaunchScreen.storyboard; sourceTree = "<group>"; };
		677C503124E1D7530033B50F /* Info.plist */ = {isa = PBXFileReference; lastKnownFileType = text.plist.xml; path = Info.plist; sourceTree = "<group>"; };
		677C503624E1D7540033B50F /* iTunesSearchAPITests.xctest */ = {isa = PBXFileReference; explicitFileType = wrapper.cfbundle; includeInIndex = 0; path = iTunesSearchAPITests.xctest; sourceTree = BUILT_PRODUCTS_DIR; };
		677C503A24E1D7540033B50F /* iTunesSearchAPITests.swift */ = {isa = PBXFileReference; lastKnownFileType = sourcecode.swift; path = iTunesSearchAPITests.swift; sourceTree = "<group>"; };
		677C503C24E1D7540033B50F /* Info.plist */ = {isa = PBXFileReference; lastKnownFileType = text.plist.xml; path = Info.plist; sourceTree = "<group>"; };
		677C504E24E1E6910033B50F /* SearchResponse.swift */ = {isa = PBXFileReference; lastKnownFileType = sourcecode.swift; path = SearchResponse.swift; sourceTree = "<group>"; };
		677C505124E1E6FD0033B50F /* NetworkUtil.swift */ = {isa = PBXFileReference; lastKnownFileType = sourcecode.swift; path = NetworkUtil.swift; sourceTree = "<group>"; };
		677C505324E1E74F0033B50F /* BaseManager.swift */ = {isa = PBXFileReference; lastKnownFileType = sourcecode.swift; path = BaseManager.swift; sourceTree = "<group>"; };
		677C505524E1E77C0033B50F /* CLBError.swift */ = {isa = PBXFileReference; lastKnownFileType = sourcecode.swift; path = CLBError.swift; sourceTree = "<group>"; };
		677C505824E1E97C0033B50F /* HomePageManager.swift */ = {isa = PBXFileReference; lastKnownFileType = sourcecode.swift; path = HomePageManager.swift; sourceTree = "<group>"; };
		677C505A24E1EA0A0033B50F /* HomePageService.swift */ = {isa = PBXFileReference; lastKnownFileType = sourcecode.swift; path = HomePageService.swift; sourceTree = "<group>"; };
		677C505C24E1EFB40033B50F /* ViewModelFactory.swift */ = {isa = PBXFileReference; lastKnownFileType = sourcecode.swift; path = ViewModelFactory.swift; sourceTree = "<group>"; };
		677C505F24E1EFD20033B50F /* BaseViewModel.swift */ = {isa = PBXFileReference; lastKnownFileType = sourcecode.swift; path = BaseViewModel.swift; sourceTree = "<group>"; };
		677C506224E1F07C0033B50F /* HomeViewModelFactory.swift */ = {isa = PBXFileReference; lastKnownFileType = sourcecode.swift; path = HomeViewModelFactory.swift; sourceTree = "<group>"; };
		677C506424E1F0F70033B50F /* HomePageViewModel.swift */ = {isa = PBXFileReference; lastKnownFileType = sourcecode.swift; path = HomePageViewModel.swift; sourceTree = "<group>"; };
		677C506724E1F1E30033B50F /* Utils.swift */ = {isa = PBXFileReference; lastKnownFileType = sourcecode.swift; path = Utils.swift; sourceTree = "<group>"; };
		677C506924E1F20E0033B50F /* UIDevice+Extensions.swift */ = {isa = PBXFileReference; lastKnownFileType = sourcecode.swift; path = "UIDevice+Extensions.swift"; sourceTree = "<group>"; };
		677C506B24E1F4350033B50F /* HomePageViewController.swift */ = {isa = PBXFileReference; lastKnownFileType = sourcecode.swift; path = HomePageViewController.swift; sourceTree = "<group>"; };
		677C506E24E1F45F0033B50F /* BaseViewController.swift */ = {isa = PBXFileReference; lastKnownFileType = sourcecode.swift; path = BaseViewController.swift; sourceTree = "<group>"; };
/* End PBXFileReference section */

/* Begin PBXFrameworksBuildPhase section */
		677C501D24E1D7500033B50F /* Frameworks */ = {
			isa = PBXFrameworksBuildPhase;
			buildActionMask = 2147483647;
			files = (
			);
			runOnlyForDeploymentPostprocessing = 0;
		};
		677C503324E1D7540033B50F /* Frameworks */ = {
			isa = PBXFrameworksBuildPhase;
			buildActionMask = 2147483647;
			files = (
			);
			runOnlyForDeploymentPostprocessing = 0;
		};
/* End PBXFrameworksBuildPhase section */

/* Begin PBXGroup section */
		22A500D81490E1E01C125F77 /* Pods */ = {
			isa = PBXGroup;
			children = (
			);
			path = Pods;
			sourceTree = "<group>";
		};
		6754048624E2DC39004295BA /* Components */ = {
			isa = PBXGroup;
			children = (
				6754048A24E2DC89004295BA /* Bases */,
				6754048724E2DC40004295BA /* ProgressView */,
			);
			path = Components;
			sourceTree = "<group>";
		};
		6754048724E2DC40004295BA /* ProgressView */ = {
			isa = PBXGroup;
			children = (
				6754048824E2DC4E004295BA /* CustomProgressView.swift */,
			);
			path = ProgressView;
			sourceTree = "<group>";
		};
		6754048A24E2DC89004295BA /* Bases */ = {
			isa = PBXGroup;
			children = (
				6754048B24E2DC99004295BA /* BaseUIView.swift */,
			);
			path = Bases;
			sourceTree = "<group>";
		};
		6754049424E2E878004295BA /* HomePageViewController */ = {
			isa = PBXGroup;
			children = (
				677C506B24E1F4350033B50F /* HomePageViewController.swift */,
			);
			path = HomePageViewController;
			sourceTree = "<group>";
		};
		6754049624E2E88C004295BA /* Views */ = {
			isa = PBXGroup;
			children = (
				6754049724E2E89C004295BA /* Bases */,
				6754049824E2E8A6004295BA /* SearchItemCell */,
			);
			path = Views;
			sourceTree = "<group>";
		};
		6754049724E2E89C004295BA /* Bases */ = {
			isa = PBXGroup;
			children = (
				6754049024E2E7DB004295BA /* BaseCollectionViewCell.swift */,
			);
			path = Bases;
			sourceTree = "<group>";
		};
		6754049824E2E8A6004295BA /* SearchItemCell */ = {
			isa = PBXGroup;
			children = (
				6754049924E2E8D9004295BA /* SearchItemCell.swift */,
				6754049A24E2E8D9004295BA /* SearchItemCell.xib */,
			);
			path = SearchItemCell;
			sourceTree = "<group>";
		};
		675404A924E333DD004295BA /* UIExtensions */ = {
			isa = PBXGroup;
			children = (
				675404A524E32ABD004295BA /* UIView+Extensions.swift */,
				677C506924E1F20E0033B50F /* UIDevice+Extensions.swift */,
				6754049224E2E808004295BA /* UICollectionView+Extensions.swift */,
			);
			path = UIExtensions;
			sourceTree = "<group>";
		};
		675404AC24E33411004295BA /* VariableExtensions */ = {
			isa = PBXGroup;
			children = (
				6754048E24E2DD2B004295BA /* DispatchQueue+Extensions.swift */,
				6754049F24E30A9D004295BA /* CustomStringConvertible+Extensions.swift */,
			);
			path = VariableExtensions;
			sourceTree = "<group>";
		};
		677C501724E1D7500033B50F = {
			isa = PBXGroup;
			children = (
				677C502224E1D7500033B50F /* iTunesSearchAPI */,
				677C503924E1D7540033B50F /* iTunesSearchAPITests */,
				677C502124E1D7500033B50F /* Products */,
				22A500D81490E1E01C125F77 /* Pods */,
			);
			sourceTree = "<group>";
		};
		677C502124E1D7500033B50F /* Products */ = {
			isa = PBXGroup;
			children = (
				677C502024E1D7500033B50F /* iTunesSearchAPI.app */,
				677C503624E1D7540033B50F /* iTunesSearchAPITests.xctest */,
			);
			name = Products;
			sourceTree = "<group>";
		};
		677C502224E1D7500033B50F /* iTunesSearchAPI */ = {
			isa = PBXGroup;
			children = (
				677C504B24E1E5EC0033B50F /* Extensions */,
				6754048624E2DC39004295BA /* Components */,
				6754049624E2E88C004295BA /* Views */,
				677C504924E1E5CE0033B50F /* ViewControllers */,
				677C504824E1E5C70033B50F /* ViewModels */,
				677C504724E1E5BF0033B50F /* Models */,
				677C505024E1E6E30033B50F /* NetworkLayer */,
				677C504A24E1E5E30033B50F /* Manager */,
				677C506624E1F1CB0033B50F /* Helper */,
				677C504624E1DBEF0033B50F /* SupportingFiles */,
			);
			path = iTunesSearchAPI;
			sourceTree = "<group>";
		};
		677C503924E1D7540033B50F /* iTunesSearchAPITests */ = {
			isa = PBXGroup;
			children = (
				677C503A24E1D7540033B50F /* iTunesSearchAPITests.swift */,
				677C503C24E1D7540033B50F /* Info.plist */,
			);
			path = iTunesSearchAPITests;
			sourceTree = "<group>";
		};
		677C504624E1DBEF0033B50F /* SupportingFiles */ = {
			isa = PBXGroup;
			children = (
				677C502324E1D7500033B50F /* AppDelegate.swift */,
				677C502524E1D7500033B50F /* SceneDelegate.swift */,
				677C502C24E1D7530033B50F /* Assets.xcassets */,
				677C502E24E1D7530033B50F /* LaunchScreen.storyboard */,
				677C503124E1D7530033B50F /* Info.plist */,
			);
			path = SupportingFiles;
			sourceTree = "<group>";
		};
		677C504724E1E5BF0033B50F /* Models */ = {
			isa = PBXGroup;
			children = (
				677C504E24E1E6910033B50F /* SearchResponse.swift */,
				677C505524E1E77C0033B50F /* CLBError.swift */,
			);
			path = Models;
			sourceTree = "<group>";
		};
		677C504824E1E5C70033B50F /* ViewModels */ = {
			isa = PBXGroup;
			children = (
				677C505E24E1EFC50033B50F /* Bases */,
			);
			path = ViewModels;
			sourceTree = "<group>";
		};
		677C504924E1E5CE0033B50F /* ViewControllers */ = {
			isa = PBXGroup;
			children = (
				677C506D24E1F4560033B50F /* Bases */,
				6754049424E2E878004295BA /* HomePageViewController */,
			);
			path = ViewControllers;
			sourceTree = "<group>";
		};
		677C504A24E1E5E30033B50F /* Manager */ = {
			isa = PBXGroup;
			children = (
			);
			path = Manager;
			sourceTree = "<group>";
		};
		677C504B24E1E5EC0033B50F /* Extensions */ = {
			isa = PBXGroup;
			children = (
				675404A924E333DD004295BA /* UIExtensions */,
				675404AC24E33411004295BA /* VariableExtensions */,
			);
			path = Extensions;
			sourceTree = "<group>";
		};
		677C505024E1E6E30033B50F /* NetworkLayer */ = {
			isa = PBXGroup;
			children = (
				677C505724E1E95B0033B50F /* HomePage */,
				677C505124E1E6FD0033B50F /* NetworkUtil.swift */,
				677C505324E1E74F0033B50F /* BaseManager.swift */,
				675404A324E327E0004295BA /* DownloadableServiceProtocol.swift */,
			);
			path = NetworkLayer;
			sourceTree = "<group>";
		};
		677C505724E1E95B0033B50F /* HomePage */ = {
			isa = PBXGroup;
			children = (
				677C505824E1E97C0033B50F /* HomePageManager.swift */,
				677C505A24E1EA0A0033B50F /* HomePageService.swift */,
			);
			path = HomePage;
			sourceTree = "<group>";
		};
		677C505E24E1EFC50033B50F /* Bases */ = {
			isa = PBXGroup;
			children = (
				677C505F24E1EFD20033B50F /* BaseViewModel.swift */,
				677C505C24E1EFB40033B50F /* ViewModelFactory.swift */,
				677C506124E1F0420033B50F /* HomeViewModel */,
			);
			path = Bases;
			sourceTree = "<group>";
		};
		677C506124E1F0420033B50F /* HomeViewModel */ = {
			isa = PBXGroup;
			children = (
				677C506424E1F0F70033B50F /* HomePageViewModel.swift */,
				677C506224E1F07C0033B50F /* HomeViewModelFactory.swift */,
			);
			path = HomeViewModel;
			sourceTree = "<group>";
		};
		677C506624E1F1CB0033B50F /* Helper */ = {
			isa = PBXGroup;
			children = (
				677C506724E1F1E30033B50F /* Utils.swift */,
				6754049D24E2F9F0004295BA /* FileSystem.swift */,
				675404A124E30D0B004295BA /* WindowHelper.swift */,
				675404A724E32F6E004295BA /* DeviceInfo.swift */,
				675404AD24E33420004295BA /* ImageLoader.swift */,
			);
			path = Helper;
			sourceTree = "<group>";
		};
		677C506D24E1F4560033B50F /* Bases */ = {
			isa = PBXGroup;
			children = (
				677C506E24E1F45F0033B50F /* BaseViewController.swift */,
			);
			path = Bases;
			sourceTree = "<group>";
		};
/* End PBXGroup section */

/* Begin PBXNativeTarget section */
		677C501F24E1D7500033B50F /* iTunesSearchAPI */ = {
			isa = PBXNativeTarget;
			buildConfigurationList = 677C503F24E1D7540033B50F /* Build configuration list for PBXNativeTarget "iTunesSearchAPI" */;
			buildPhases = (
				677C501C24E1D7500033B50F /* Sources */,
				677C501D24E1D7500033B50F /* Frameworks */,
				677C501E24E1D7500033B50F /* Resources */,
			);
			buildRules = (
			);
			dependencies = (
			);
			name = iTunesSearchAPI;
			productName = iTunesSearchAPI;
			productReference = 677C502024E1D7500033B50F /* iTunesSearchAPI.app */;
			productType = "com.apple.product-type.application";
		};
		677C503524E1D7540033B50F /* iTunesSearchAPITests */ = {
			isa = PBXNativeTarget;
			buildConfigurationList = 677C504224E1D7540033B50F /* Build configuration list for PBXNativeTarget "iTunesSearchAPITests" */;
			buildPhases = (
				677C503224E1D7540033B50F /* Sources */,
				677C503324E1D7540033B50F /* Frameworks */,
				677C503424E1D7540033B50F /* Resources */,
			);
			buildRules = (
			);
			dependencies = (
				677C503824E1D7540033B50F /* PBXTargetDependency */,
			);
			name = iTunesSearchAPITests;
			productName = iTunesSearchAPITests;
			productReference = 677C503624E1D7540033B50F /* iTunesSearchAPITests.xctest */;
			productType = "com.apple.product-type.bundle.unit-test";
		};
/* End PBXNativeTarget section */

/* Begin PBXProject section */
		677C501824E1D7500033B50F /* Project object */ = {
			isa = PBXProject;
			attributes = {
				LastSwiftUpdateCheck = 1150;
				LastUpgradeCheck = 1150;
				ORGANIZATIONNAME = clb;
				TargetAttributes = {
					677C501F24E1D7500033B50F = {
						CreatedOnToolsVersion = 11.5;
					};
					677C503524E1D7540033B50F = {
						CreatedOnToolsVersion = 11.5;
						TestTargetID = 677C501F24E1D7500033B50F;
					};
				};
			};
			buildConfigurationList = 677C501B24E1D7500033B50F /* Build configuration list for PBXProject "iTunesSearchAPI" */;
			compatibilityVersion = "Xcode 9.3";
			developmentRegion = en;
			hasScannedForEncodings = 0;
			knownRegions = (
				en,
				Base,
			);
			mainGroup = 677C501724E1D7500033B50F;
			productRefGroup = 677C502124E1D7500033B50F /* Products */;
			projectDirPath = "";
			projectRoot = "";
			targets = (
				677C501F24E1D7500033B50F /* iTunesSearchAPI */,
				677C503524E1D7540033B50F /* iTunesSearchAPITests */,
			);
		};
/* End PBXProject section */

/* Begin PBXResourcesBuildPhase section */
		677C501E24E1D7500033B50F /* Resources */ = {
			isa = PBXResourcesBuildPhase;
			buildActionMask = 2147483647;
			files = (
				677C503024E1D7530033B50F /* LaunchScreen.storyboard in Resources */,
				6754049C24E2E8D9004295BA /* SearchItemCell.xib in Resources */,
				677C502D24E1D7530033B50F /* Assets.xcassets in Resources */,
			);
			runOnlyForDeploymentPostprocessing = 0;
		};
		677C503424E1D7540033B50F /* Resources */ = {
			isa = PBXResourcesBuildPhase;
			buildActionMask = 2147483647;
			files = (
			);
			runOnlyForDeploymentPostprocessing = 0;
		};
/* End PBXResourcesBuildPhase section */

/* Begin PBXSourcesBuildPhase section */
		677C501C24E1D7500033B50F /* Sources */ = {
			isa = PBXSourcesBuildPhase;
			buildActionMask = 2147483647;
			files = (
				677C505B24E1EA0A0033B50F /* HomePageService.swift in Sources */,
				677C505424E1E74F0033B50F /* BaseManager.swift in Sources */,
				677C506324E1F07C0033B50F /* HomeViewModelFactory.swift in Sources */,
				675404AE24E33420004295BA /* ImageLoader.swift in Sources */,
				675404A424E327E0004295BA /* DownloadableServiceProtocol.swift in Sources */,
				677C505224E1E6FD0033B50F /* NetworkUtil.swift in Sources */,
				677C504F24E1E6910033B50F /* SearchResponse.swift in Sources */,
				675404A024E30A9D004295BA /* CustomStringConvertible+Extensions.swift in Sources */,
				675404A824E32F6E004295BA /* DeviceInfo.swift in Sources */,
				6754049124E2E7DB004295BA /* BaseCollectionViewCell.swift in Sources */,
				677C506824E1F1E30033B50F /* Utils.swift in Sources */,
				677C502424E1D7500033B50F /* AppDelegate.swift in Sources */,
				6754048924E2DC4E004295BA /* CustomProgressView.swift in Sources */,
				677C506024E1EFD20033B50F /* BaseViewModel.swift in Sources */,
				675404A624E32ABD004295BA /* UIView+Extensions.swift in Sources */,
				677C506C24E1F4350033B50F /* HomePageViewController.swift in Sources */,
				6754048F24E2DD2B004295BA /* DispatchQueue+Extensions.swift in Sources */,
				677C502624E1D7500033B50F /* SceneDelegate.swift in Sources */,
				677C506524E1F0F70033B50F /* HomePageViewModel.swift in Sources */,
				6754049B24E2E8D9004295BA /* SearchItemCell.swift in Sources */,
				6754049324E2E808004295BA /* UICollectionView+Extensions.swift in Sources */,
				677C505D24E1EFB40033B50F /* ViewModelFactory.swift in Sources */,
				677C505624E1E77C0033B50F /* CLBError.swift in Sources */,
				677C506F24E1F45F0033B50F /* BaseViewController.swift in Sources */,
				6754049E24E2F9F0004295BA /* FileSystem.swift in Sources */,
				675404A224E30D0B004295BA /* WindowHelper.swift in Sources */,
				677C505924E1E97C0033B50F /* HomePageManager.swift in Sources */,
				677C506A24E1F20E0033B50F /* UIDevice+Extensions.swift in Sources */,
				6754048C24E2DC99004295BA /* BaseUIView.swift in Sources */,
			);
			runOnlyForDeploymentPostprocessing = 0;
		};
		677C503224E1D7540033B50F /* Sources */ = {
			isa = PBXSourcesBuildPhase;
			buildActionMask = 2147483647;
			files = (
				677C503B24E1D7540033B50F /* iTunesSearchAPITests.swift in Sources */,
			);
			runOnlyForDeploymentPostprocessing = 0;
		};
/* End PBXSourcesBuildPhase section */

/* Begin PBXTargetDependency section */
		677C503824E1D7540033B50F /* PBXTargetDependency */ = {
			isa = PBXTargetDependency;
			target = 677C501F24E1D7500033B50F /* iTunesSearchAPI */;
			targetProxy = 677C503724E1D7540033B50F /* PBXContainerItemProxy */;
		};
/* End PBXTargetDependency section */

/* Begin PBXVariantGroup section */
		677C502E24E1D7530033B50F /* LaunchScreen.storyboard */ = {
			isa = PBXVariantGroup;
			children = (
				677C502F24E1D7530033B50F /* Base */,
			);
			name = LaunchScreen.storyboard;
			sourceTree = "<group>";
		};
/* End PBXVariantGroup section */

/* Begin XCBuildConfiguration section */
		677C503D24E1D7540033B50F /* Debug */ = {
			isa = XCBuildConfiguration;
			buildSettings = {
				ALWAYS_SEARCH_USER_PATHS = NO;
				CLANG_ANALYZER_NONNULL = YES;
				CLANG_ANALYZER_NUMBER_OBJECT_CONVERSION = YES_AGGRESSIVE;
				CLANG_CXX_LANGUAGE_STANDARD = "gnu++14";
				CLANG_CXX_LIBRARY = "libc++";
				CLANG_ENABLE_MODULES = YES;
				CLANG_ENABLE_OBJC_ARC = YES;
				CLANG_ENABLE_OBJC_WEAK = YES;
				CLANG_WARN_BLOCK_CAPTURE_AUTORELEASING = YES;
				CLANG_WARN_BOOL_CONVERSION = YES;
				CLANG_WARN_COMMA = YES;
				CLANG_WARN_CONSTANT_CONVERSION = YES;
				CLANG_WARN_DEPRECATED_OBJC_IMPLEMENTATIONS = YES;
				CLANG_WARN_DIRECT_OBJC_ISA_USAGE = YES_ERROR;
				CLANG_WARN_DOCUMENTATION_COMMENTS = YES;
				CLANG_WARN_EMPTY_BODY = YES;
				CLANG_WARN_ENUM_CONVERSION = YES;
				CLANG_WARN_INFINITE_RECURSION = YES;
				CLANG_WARN_INT_CONVERSION = YES;
				CLANG_WARN_NON_LITERAL_NULL_CONVERSION = YES;
				CLANG_WARN_OBJC_IMPLICIT_RETAIN_SELF = YES;
				CLANG_WARN_OBJC_LITERAL_CONVERSION = YES;
				CLANG_WARN_OBJC_ROOT_CLASS = YES_ERROR;
				CLANG_WARN_RANGE_LOOP_ANALYSIS = YES;
				CLANG_WARN_STRICT_PROTOTYPES = YES;
				CLANG_WARN_SUSPICIOUS_MOVE = YES;
				CLANG_WARN_UNGUARDED_AVAILABILITY = YES_AGGRESSIVE;
				CLANG_WARN_UNREACHABLE_CODE = YES;
				CLANG_WARN__DUPLICATE_METHOD_MATCH = YES;
				COPY_PHASE_STRIP = NO;
				DEBUG_INFORMATION_FORMAT = dwarf;
				ENABLE_STRICT_OBJC_MSGSEND = YES;
				ENABLE_TESTABILITY = YES;
				GCC_C_LANGUAGE_STANDARD = gnu11;
				GCC_DYNAMIC_NO_PIC = NO;
				GCC_NO_COMMON_BLOCKS = YES;
				GCC_OPTIMIZATION_LEVEL = 0;
				GCC_PREPROCESSOR_DEFINITIONS = (
					"DEBUG=1",
					"$(inherited)",
				);
				GCC_WARN_64_TO_32_BIT_CONVERSION = YES;
				GCC_WARN_ABOUT_RETURN_TYPE = YES_ERROR;
				GCC_WARN_UNDECLARED_SELECTOR = YES;
				GCC_WARN_UNINITIALIZED_AUTOS = YES_AGGRESSIVE;
				GCC_WARN_UNUSED_FUNCTION = YES;
				GCC_WARN_UNUSED_VARIABLE = YES;
				IPHONEOS_DEPLOYMENT_TARGET = 13.5;
				MTL_ENABLE_DEBUG_INFO = INCLUDE_SOURCE;
				MTL_FAST_MATH = YES;
				ONLY_ACTIVE_ARCH = YES;
				SDKROOT = iphoneos;
				SWIFT_ACTIVE_COMPILATION_CONDITIONS = DEBUG;
				SWIFT_OPTIMIZATION_LEVEL = "-Onone";
			};
			name = Debug;
		};
		677C503E24E1D7540033B50F /* Release */ = {
			isa = XCBuildConfiguration;
			buildSettings = {
				ALWAYS_SEARCH_USER_PATHS = NO;
				CLANG_ANALYZER_NONNULL = YES;
				CLANG_ANALYZER_NUMBER_OBJECT_CONVERSION = YES_AGGRESSIVE;
				CLANG_CXX_LANGUAGE_STANDARD = "gnu++14";
				CLANG_CXX_LIBRARY = "libc++";
				CLANG_ENABLE_MODULES = YES;
				CLANG_ENABLE_OBJC_ARC = YES;
				CLANG_ENABLE_OBJC_WEAK = YES;
				CLANG_WARN_BLOCK_CAPTURE_AUTORELEASING = YES;
				CLANG_WARN_BOOL_CONVERSION = YES;
				CLANG_WARN_COMMA = YES;
				CLANG_WARN_CONSTANT_CONVERSION = YES;
				CLANG_WARN_DEPRECATED_OBJC_IMPLEMENTATIONS = YES;
				CLANG_WARN_DIRECT_OBJC_ISA_USAGE = YES_ERROR;
				CLANG_WARN_DOCUMENTATION_COMMENTS = YES;
				CLANG_WARN_EMPTY_BODY = YES;
				CLANG_WARN_ENUM_CONVERSION = YES;
				CLANG_WARN_INFINITE_RECURSION = YES;
				CLANG_WARN_INT_CONVERSION = YES;
				CLANG_WARN_NON_LITERAL_NULL_CONVERSION = YES;
				CLANG_WARN_OBJC_IMPLICIT_RETAIN_SELF = YES;
				CLANG_WARN_OBJC_LITERAL_CONVERSION = YES;
				CLANG_WARN_OBJC_ROOT_CLASS = YES_ERROR;
				CLANG_WARN_RANGE_LOOP_ANALYSIS = YES;
				CLANG_WARN_STRICT_PROTOTYPES = YES;
				CLANG_WARN_SUSPICIOUS_MOVE = YES;
				CLANG_WARN_UNGUARDED_AVAILABILITY = YES_AGGRESSIVE;
				CLANG_WARN_UNREACHABLE_CODE = YES;
				CLANG_WARN__DUPLICATE_METHOD_MATCH = YES;
				COPY_PHASE_STRIP = NO;
				DEBUG_INFORMATION_FORMAT = "dwarf-with-dsym";
				ENABLE_NS_ASSERTIONS = NO;
				ENABLE_STRICT_OBJC_MSGSEND = YES;
				GCC_C_LANGUAGE_STANDARD = gnu11;
				GCC_NO_COMMON_BLOCKS = YES;
				GCC_WARN_64_TO_32_BIT_CONVERSION = YES;
				GCC_WARN_ABOUT_RETURN_TYPE = YES_ERROR;
				GCC_WARN_UNDECLARED_SELECTOR = YES;
				GCC_WARN_UNINITIALIZED_AUTOS = YES_AGGRESSIVE;
				GCC_WARN_UNUSED_FUNCTION = YES;
				GCC_WARN_UNUSED_VARIABLE = YES;
				IPHONEOS_DEPLOYMENT_TARGET = 13.5;
				MTL_ENABLE_DEBUG_INFO = NO;
				MTL_FAST_MATH = YES;
				SDKROOT = iphoneos;
				SWIFT_COMPILATION_MODE = wholemodule;
				SWIFT_OPTIMIZATION_LEVEL = "-O";
				VALIDATE_PRODUCT = YES;
			};
			name = Release;
		};
		677C504024E1D7540033B50F /* Debug */ = {
			isa = XCBuildConfiguration;
			buildSettings = {
				ASSETCATALOG_COMPILER_APPICON_NAME = AppIcon;
				CODE_SIGN_STYLE = Automatic;
				DEVELOPMENT_TEAM = 9PXZ4QCUL5;
				INFOPLIST_FILE = iTunesSearchAPI/SupportingFiles/Info.plist;
				IPHONEOS_DEPLOYMENT_TARGET = 12.4;
				LD_RUNPATH_SEARCH_PATHS = (
					"$(inherited)",
					"@executable_path/Frameworks",
				);
				PRODUCT_BUNDLE_IDENTIFIER = clb.iTunesSearchAPI;
				PRODUCT_NAME = "$(TARGET_NAME)";
				SWIFT_VERSION = 5.0;
				TARGETED_DEVICE_FAMILY = "1,2";
			};
			name = Debug;
		};
		677C504124E1D7540033B50F /* Release */ = {
			isa = XCBuildConfiguration;
			buildSettings = {
				ASSETCATALOG_COMPILER_APPICON_NAME = AppIcon;
				CODE_SIGN_STYLE = Automatic;
				DEVELOPMENT_TEAM = 9PXZ4QCUL5;
				INFOPLIST_FILE = iTunesSearchAPI/SupportingFiles/Info.plist;
				IPHONEOS_DEPLOYMENT_TARGET = 12.4;
				LD_RUNPATH_SEARCH_PATHS = (
					"$(inherited)",
					"@executable_path/Frameworks",
				);
				PRODUCT_BUNDLE_IDENTIFIER = clb.iTunesSearchAPI;
				PRODUCT_NAME = "$(TARGET_NAME)";
				SWIFT_VERSION = 5.0;
				TARGETED_DEVICE_FAMILY = "1,2";
			};
			name = Release;
		};
		677C504324E1D7540033B50F /* Debug */ = {
			isa = XCBuildConfiguration;
			buildSettings = {
				ALWAYS_EMBED_SWIFT_STANDARD_LIBRARIES = YES;
				BUNDLE_LOADER = "$(TEST_HOST)";
				CODE_SIGN_STYLE = Automatic;
				INFOPLIST_FILE = iTunesSearchAPITests/Info.plist;
				IPHONEOS_DEPLOYMENT_TARGET = 13.5;
				LD_RUNPATH_SEARCH_PATHS = (
					"$(inherited)",
					"@executable_path/Frameworks",
					"@loader_path/Frameworks",
				);
				PRODUCT_BUNDLE_IDENTIFIER = clb.iTunesSearchAPITests;
				PRODUCT_NAME = "$(TARGET_NAME)";
				SWIFT_VERSION = 5.0;
				TARGETED_DEVICE_FAMILY = "1,2";
				TEST_HOST = "$(BUILT_PRODUCTS_DIR)/iTunesSearchAPI.app/iTunesSearchAPI";
			};
			name = Debug;
		};
		677C504424E1D7540033B50F /* Release */ = {
			isa = XCBuildConfiguration;
			buildSettings = {
				ALWAYS_EMBED_SWIFT_STANDARD_LIBRARIES = YES;
				BUNDLE_LOADER = "$(TEST_HOST)";
				CODE_SIGN_STYLE = Automatic;
				INFOPLIST_FILE = iTunesSearchAPITests/Info.plist;
				IPHONEOS_DEPLOYMENT_TARGET = 13.5;
				LD_RUNPATH_SEARCH_PATHS = (
					"$(inherited)",
					"@executable_path/Frameworks",
					"@loader_path/Frameworks",
				);
				PRODUCT_BUNDLE_IDENTIFIER = clb.iTunesSearchAPITests;
				PRODUCT_NAME = "$(TARGET_NAME)";
				SWIFT_VERSION = 5.0;
				TARGETED_DEVICE_FAMILY = "1,2";
				TEST_HOST = "$(BUILT_PRODUCTS_DIR)/iTunesSearchAPI.app/iTunesSearchAPI";
			};
			name = Release;
		};
/* End XCBuildConfiguration section */

/* Begin XCConfigurationList section */
		677C501B24E1D7500033B50F /* Build configuration list for PBXProject "iTunesSearchAPI" */ = {
			isa = XCConfigurationList;
			buildConfigurations = (
				677C503D24E1D7540033B50F /* Debug */,
				677C503E24E1D7540033B50F /* Release */,
			);
			defaultConfigurationIsVisible = 0;
			defaultConfigurationName = Release;
		};
		677C503F24E1D7540033B50F /* Build configuration list for PBXNativeTarget "iTunesSearchAPI" */ = {
			isa = XCConfigurationList;
			buildConfigurations = (
				677C504024E1D7540033B50F /* Debug */,
				677C504124E1D7540033B50F /* Release */,
			);
			defaultConfigurationIsVisible = 0;
			defaultConfigurationName = Release;
		};
		677C504224E1D7540033B50F /* Build configuration list for PBXNativeTarget "iTunesSearchAPITests" */ = {
			isa = XCConfigurationList;
			buildConfigurations = (
				677C504324E1D7540033B50F /* Debug */,
				677C504424E1D7540033B50F /* Release */,
			);
			defaultConfigurationIsVisible = 0;
			defaultConfigurationName = Release;
		};
/* End XCConfigurationList section */
	};
	rootObject = 677C501824E1D7500033B50F /* Project object */;
}
